github.com/google/uuid v1.6.0 h1:NIvaJDMOsjHA8n1jAhLSgzrAzy1Hgr+hNrb57e+94F0=
github.com/google/uuid v1.6.0/go.mod h1:TIyPZe4MgqvfeYDBFedMoGGpEw/LqOeaOT+nhxU+yHo=
github.com/markcheno/go-talib v0.0.0-20250114000313-ec55a20c902f h1:iKq//xEUUaeRoXNcAshpK4W8eSm7HtgI0aNznWtX7lk=
github.com/markcheno/go-talib v0.0.0-20250114000313-ec55a20c902f/go.mod h1:3YUtoVrKWu2ql+iAeRyepSz3fy6a+19hJzGS88+u4u0=
